PODS:
  - boost (1.59.0):
    - boost/graph-includes (= 1.59.0)
    - boost/math-includes (= 1.59.0)
    - boost/numeric-includes (= 1.59.0)
    - boost/pointer_cast-includes (= 1.59.0)
    - boost/preprocessor-includes (= 1.59.0)
    - boost/shared_ptr-includes (= 1.59.0)
    - boost/string_algorithms-includes (= 1.59.0)
  - boost/graph-includes (1.59.0)
  - boost/math-includes (1.59.0)
  - boost/numeric-includes (1.59.0)
  - boost/pointer_cast-includes (1.59.0)
  - boost/preprocessor-includes (1.59.0)
  - boost/shared_ptr-includes (1.59.0)
  - boost/string_algorithms-includes (1.59.0)
  - CocoaLumberjack (2.4.0):
    - CocoaLumberjack/Default (= 2.4.0)
    - CocoaLumberjack/Extensions (= 2.4.0)
  - CocoaLumberjack/Core (2.4.0)
  - CocoaLumberjack/Default (2.4.0):
    - CocoaLumberjack/Core
  - CocoaLumberjack/Extensions (2.4.0):
    - CocoaLumberjack/Default
  - DoubleConversion (1.1.5)
  - FMDB/SQLCipher (2.7.2):
    - SQLCipher
  - Folly (2016.09.26.00):
    - boost
    - DoubleConversion
    - GLog
  - GLog (0.3.4)
  - React (0.50.4):
    - React/Core (= 0.50.4)
  - React/ART (0.50.4):
    - React/Core
  - React/Core (0.50.4):
    - yoga (= 0.50.4.React)
  - React/CxxBridge (0.50.4):
    - Folly (= 2016.09.26.00)
    - React/Core
    - React/cxxreact
  - React/cxxreact (0.50.4):
    - boost
    - Folly (= 2016.09.26.00)
    - React/jschelpers
  - React/DevSupport (0.50.4):
    - React/Core
    - React/RCTWebSocket
  - React/fishhook (0.50.4)
  - React/jschelpers (0.50.4):
    - Folly (= 2016.09.26.00)
    - React/PrivateDatabase
  - React/PrivateDatabase (0.50.4)
  - React/RCTActionSheet (0.50.4):
    - React/Core
  - React/RCTAnimation (0.50.4):
    - React/Core
  - React/RCTBlob (0.50.4):
    - React/Core
  - React/RCTCameraRoll (0.50.4):
    - React/Core
    - React/RCTImage
  - React/RCTGeolocation (0.50.4):
    - React/Core
  - React/RCTImage (0.50.4):
    - React/Core
    - React/RCTNetwork
  - React/RCTLinkingIOS (0.50.4):
    - React/Core
  - React/RCTNetwork (0.50.4):
    - React/Core
  - React/RCTPushNotification (0.50.4):
    - React/Core
  - React/RCTSettings (0.50.4):
    - React/Core
  - React/RCTText (0.50.4):
    - React/Core
  - React/RCTVibration (0.50.4):
    - React/Core
  - React/RCTWebSocket (0.50.4):
    - React/Core
    - React/fishhook
    - React/RCTBlob
  - React/tvOS (0.50.4):
    - React/Core
  - SalesforceAnalytics (6.0.0):
    - SalesforceAnalytics/SalesforceAnalytics (= 6.0.0)
  - SalesforceAnalytics/SalesforceAnalytics (6.0.0):
    - CocoaLumberjack (~> 2.4.0)
  - SalesforceReact (6.0.0):
    - SalesforceReact/SalesforceReact (= 6.0.0)
  - SalesforceReact/SalesforceReact (6.0.0):
    - React
    - SalesforceSDKCore
    - SmartStore
    - SmartSync
  - SalesforceSDKCore (6.0.0):
    - SalesforceSDKCore/SalesforceSDKCore (= 6.0.0)
  - SalesforceSDKCore/SalesforceSDKCore (6.0.0):
    - SalesforceAnalytics
    - SalesforceSDKCore/SalesforceSDKCore/arc (= 6.0.0)
    - SalesforceSDKCore/SalesforceSDKCore/base (= 6.0.0)
    - SalesforceSDKCore/SalesforceSDKCore/no-arc (= 6.0.0)
  - SalesforceSDKCore/SalesforceSDKCore/arc (6.0.0):
    - SalesforceAnalytics
    - SalesforceSDKCore/SalesforceSDKCore/base
    - SalesforceSDKCore/SalesforceSDKCore/no-arc
  - SalesforceSDKCore/SalesforceSDKCore/base (6.0.0):
    - SalesforceAnalytics
  - SalesforceSDKCore/SalesforceSDKCore/no-arc (6.0.0):
    - SalesforceAnalytics
    - SalesforceSDKCore/SalesforceSDKCore/base
  - SmartStore (6.0.0):
    - SmartStore/SmartStore (= 6.0.0)
  - SmartStore/SmartStore (6.0.0):
    - FMDB/SQLCipher (~> 2.7.2)
    - SalesforceSDKCore
    - SQLCipher/fts (~> 3.4.1)
  - SmartSync (6.0.0):
    - SmartSync/SmartSync (= 6.0.0)
  - SmartSync/SmartSync (6.0.0):
    - SalesforceSDKCore
    - SmartStore
  - SQLCipher (3.4.2):
    - SQLCipher/standard (= 3.4.2)
  - SQLCipher/common (3.4.2)
  - SQLCipher/fts (3.4.2):
    - SQLCipher/common
  - SQLCipher/standard (3.4.2):
    - SQLCipher/common
  - yoga (0.50.4.React)

DEPENDENCIES:
  - DoubleConversion (from `../node_modules/react-native/third-party-podspecs/DoubleConversion.podspec`)
  - Folly (from `../node_modules/react-native/third-party-podspecs/Folly.podspec`)
  - GLog (from `../node_modules/react-native/third-party-podspecs/GLog.podspec`)
  - React/ART (from `../node_modules/react-native`)
  - React/CxxBridge (from `../node_modules/react-native`)
  - React/cxxreact (from `../node_modules/react-native`)
  - React/DevSupport (from `../node_modules/react-native`)
  - React/jschelpers (from `../node_modules/react-native`)
  - React/RCTActionSheet (from `../node_modules/react-native`)
  - React/RCTAnimation (from `../node_modules/react-native`)
  - React/RCTCameraRoll (from `../node_modules/react-native`)
  - React/RCTGeolocation (from `../node_modules/react-native`)
  - React/RCTImage (from `../node_modules/react-native`)
  - React/RCTLinkingIOS (from `../node_modules/react-native`)
  - React/RCTNetwork (from `../node_modules/react-native`)
  - React/RCTPushNotification (from `../node_modules/react-native`)
  - React/RCTSettings (from `../node_modules/react-native`)
  - React/RCTText (from `../node_modules/react-native`)
  - React/RCTVibration (from `../node_modules/react-native`)
  - React/RCTWebSocket (from `../node_modules/react-native`)
  - React/tvOS (from `../node_modules/react-native`)
  - SalesforceAnalytics (from `../mobile_sdk/SalesforceMobileSDK-iOS`)
  - SalesforceReact (from `../mobile_sdk/SalesforceMobileSDK-iOS`)
  - SalesforceSDKCore (from `../mobile_sdk/SalesforceMobileSDK-iOS`)
  - SmartStore (from `../mobile_sdk/SalesforceMobileSDK-iOS`)
  - SmartSync (from `../mobile_sdk/SalesforceMobileSDK-iOS`)
  - yoga (from `../node_modules/react-native/ReactCommon/yoga`)

EXTERNAL SOURCES:
  DoubleConversion:
    :podspec: ../node_modules/react-native/third-party-podspecs/DoubleConversion.podspec
  Folly:
    :podspec: ../node_modules/react-native/third-party-podspecs/Folly.podspec
  GLog:
    :podspec: ../node_modules/react-native/third-party-podspecs/GLog.podspec
  React:
    :path: ../node_modules/react-native
  SalesforceAnalytics:
    :path: ../mobile_sdk/SalesforceMobileSDK-iOS
  SalesforceReact:
    :path: ../mobile_sdk/SalesforceMobileSDK-iOS
  SalesforceSDKCore:
    :path: ../mobile_sdk/SalesforceMobileSDK-iOS
  SmartStore:
    :path: ../mobile_sdk/SalesforceMobileSDK-iOS
  SmartSync:
    :path: ../mobile_sdk/SalesforceMobileSDK-iOS
  yoga:
    :path: ../node_modules/react-native/ReactCommon/yoga

SPEC CHECKSUMS:
  boost: 30a15ffb6d9aa4646dd3caffc960753f4cb4ca4e
  CocoaLumberjack: aa9dcab71bdf9eaf2a63bbd9ddc87863efe45457
  DoubleConversion: ebb6747c5b66026ad4f97b789c3ceac6f18e57a6
  FMDB: 6198a90e7b6900cfc046e6bc0ef6ebb7be9236aa
  Folly: b7255b29f1d693c375d642d0f04f0592181156d9
  GLog: 3e4e4ae9746ce6bf6e9420c7fc1e08ad59c8ba1a
  React: 541ba768b9855e10cdc76f55427a5cd0653ca806
  SalesforceAnalytics: fdfc2cca5c1b25897bf66e022b045b905bc5eb30
  SalesforceReact: 2a3929e5eceabcf4e6c228b11246455a2144a51e
  SalesforceSDKCore: ab5786e65f71249de2a34876de5cfc588efb8aa4
  SmartStore: a3e5b58ddf5233854ba232d18c5dbe6f8382a6e7
  SmartSync: 65409c3bf2b6f4ac9a97008e275798913d386543
  SQLCipher: f9fcf29b2e59ced7defc2a2bdd0ebe79b40d4990
  yoga: 17521bbb0dd54a47c0b3ac43253e78cdac7488e0

PODFILE CHECKSUM: e5e67c74beb00e5b27776a174fecdbe3a32caa74

COCOAPODS: 1.4.0
